
Microsoft Visual Studio Solution File, Format Version 12.00
# Visual Studio 15
VisualStudioVersion = 15.0.27130.2020
MinimumVisualStudioVersion = 10.0.40219.1
Project("{9A19103F-16F7-4668-BE54-9A1E7A4F7556}") = "JaegerClientCsharp", "JaegerClientCsharp\JaegerClientCsharp.csproj", "{74C1BD28-7AEF-41BC-9B55-748FD33BD3B9}"
EndProject
Project("{9A19103F-16F7-4668-BE54-9A1E7A4F7556}") = "JaegerClientCsharp.Tests", "JaegerClientCsharp.Tests\JaegerClientCsharp.Tests.csproj", "{E7A30998-6DCA-4D48-9CD0-94C6822620E5}"
EndProject
Project("{9A19103F-16F7-4668-BE54-9A1E7A4F7556}") = "GrpcOpenTracing", "..\grpc-opentracing\csharp\GrpcOpenTracing\GrpcOpenTracing\GrpcOpenTracing.csproj", "{CC2A63BD-FAE3-4657-BB95-50FE5C9F9A3B}"
EndProject
Global
	GlobalSection(SolutionConfigurationPlatforms) = preSolution
		Debug|Any CPU = Debug|Any CPU
		Release|Any CPU = Release|Any CPU
	EndGlobalSection
	GlobalSection(ProjectConfigurationPlatforms) = postSolution
		{74C1BD28-7AEF-41BC-9B55-748FD33BD3B9}.Debug|Any CPU.ActiveCfg = Debug|Any CPU
		{74C1BD28-7AEF-41BC-9B55-748FD33BD3B9}.Debug|Any CPU.Build.0 = Debug|Any CPU
		{74C1BD28-7AEF-41BC-9B55-748FD33BD3B9}.Release|Any CPU.ActiveCfg = Release|Any CPU
		{74C1BD28-7AEF-41BC-9B55-748FD33BD3B9}.Release|Any CPU.Build.0 = Release|Any CPU
		{E7A30998-6DCA-4D48-9CD0-94C6822620E5}.Debug|Any CPU.ActiveCfg = Debug|Any CPU
		{E7A30998-6DCA-4D48-9CD0-94C6822620E5}.Debug|Any CPU.Build.0 = Debug|Any CPU
		{E7A30998-6DCA-4D48-9CD0-94C6822620E5}.Release|Any CPU.ActiveCfg = Release|Any CPU
		{E7A30998-6DCA-4D48-9CD0-94C6822620E5}.Release|Any CPU.Build.0 = Release|Any CPU
		{CC2A63BD-FAE3-4657-BB95-50FE5C9F9A3B}.Debug|Any CPU.ActiveCfg = Debug|Any CPU
		{CC2A63BD-FAE3-4657-BB95-50FE5C9F9A3B}.Debug|Any CPU.Build.0 = Debug|Any CPU
		{CC2A63BD-FAE3-4657-BB95-50FE5C9F9A3B}.Release|Any CPU.ActiveCfg = Release|Any CPU
		{CC2A63BD-FAE3-4657-BB95-50FE5C9F9A3B}.Release|Any CPU.Build.0 = Release|Any CPU
	EndGlobalSection
	GlobalSection(SolutionProperties) = preSolution
		HideSolutionNode = FALSE
	EndGlobalSection
	GlobalSection(ExtensibilityGlobals) = postSolution
		SolutionGuid = {C0404D76-E4B0-4F06-92E6-54010483A989}
	EndGlobalSection
EndGlobal
